
Microsoft Visual Studio Solution File, Format Version 12.00
# Visual Studio 14
VisualStudioVersion = 14.0.23107.0
MinimumVisualStudioVersion = 10.0.40219.1
Project("{FAE04EC0-301F-11D3-BF4B-00C04F79EFBC}") = "GetWeekDay", "GetWeekDay\GetWeekDay.csproj", "{A719EE40-6974-4695-A1D3-DAF968A2C552}"
EndProject
Project("{FAE04EC0-301F-11D3-BF4B-00C04F79EFBC}") = "GetWeekDay.Client", "GetWeekDay.Client\GetWeekDay.Client.csproj", "{EE845C8F-A178-45AF-9598-980C6C640B38}"
	ProjectSection(ProjectDependencies) = postProject
		{A719EE40-6974-4695-A1D3-DAF968A2C552} = {A719EE40-6974-4695-A1D3-DAF968A2C552}
	EndProjectSection
EndProject
Project("{FAE04EC0-301F-11D3-BF4B-00C04F79EFBC}") = "StringCompare", "StringCompare\StringCompare.csproj", "{F994FA70-8EE1-4B79-8315-EE2C05CB8B3D}"
EndProject
Project("{FAE04EC0-301F-11D3-BF4B-00C04F79EFBC}") = "StringCompareHost", "StringCompareHost\StringCompareHost.csproj", "{5EA76292-C248-4098-98B5-8C08FD164866}"
EndProject
Project("{FAE04EC0-301F-11D3-BF4B-00C04F79EFBC}") = "StringCompare.Client", "StringCompare.Client\StringCompare.Client.csproj", "{CD296EE4-EFA2-479B-B78F-97F027F202B4}"
EndProject
Global
	GlobalSection(SolutionConfigurationPlatforms) = preSolution
		Debug|Any CPU = Debug|Any CPU
		Release|Any CPU = Release|Any CPU
	EndGlobalSection
	GlobalSection(ProjectConfigurationPlatforms) = postSolution
		{A719EE40-6974-4695-A1D3-DAF968A2C552}.Debug|Any CPU.ActiveCfg = Debug|Any CPU
		{A719EE40-6974-4695-A1D3-DAF968A2C552}.Debug|Any CPU.Build.0 = Debug|Any CPU
		{A719EE40-6974-4695-A1D3-DAF968A2C552}.Release|Any CPU.ActiveCfg = Release|Any CPU
		{A719EE40-6974-4695-A1D3-DAF968A2C552}.Release|Any CPU.Build.0 = Release|Any CPU
		{EE845C8F-A178-45AF-9598-980C6C640B38}.Debug|Any CPU.ActiveCfg = Debug|Any CPU
		{EE845C8F-A178-45AF-9598-980C6C640B38}.Debug|Any CPU.Build.0 = Debug|Any CPU
		{EE845C8F-A178-45AF-9598-980C6C640B38}.Release|Any CPU.ActiveCfg = Release|Any CPU
		{EE845C8F-A178-45AF-9598-980C6C640B38}.Release|Any CPU.Build.0 = Release|Any CPU
		{F994FA70-8EE1-4B79-8315-EE2C05CB8B3D}.Debug|Any CPU.ActiveCfg = Debug|Any CPU
		{F994FA70-8EE1-4B79-8315-EE2C05CB8B3D}.Debug|Any CPU.Build.0 = Debug|Any CPU
		{F994FA70-8EE1-4B79-8315-EE2C05CB8B3D}.Release|Any CPU.ActiveCfg = Release|Any CPU
		{F994FA70-8EE1-4B79-8315-EE2C05CB8B3D}.Release|Any CPU.Build.0 = Release|Any CPU
		{5EA76292-C248-4098-98B5-8C08FD164866}.Debug|Any CPU.ActiveCfg = Debug|Any CPU
		{5EA76292-C248-4098-98B5-8C08FD164866}.Debug|Any CPU.Build.0 = Debug|Any CPU
		{5EA76292-C248-4098-98B5-8C08FD164866}.Release|Any CPU.ActiveCfg = Release|Any CPU
		{5EA76292-C248-4098-98B5-8C08FD164866}.Release|Any CPU.Build.0 = Release|Any CPU
		{CD296EE4-EFA2-479B-B78F-97F027F202B4}.Debug|Any CPU.ActiveCfg = Debug|Any CPU
		{CD296EE4-EFA2-479B-B78F-97F027F202B4}.Debug|Any CPU.Build.0 = Debug|Any CPU
		{CD296EE4-EFA2-479B-B78F-97F027F202B4}.Release|Any CPU.ActiveCfg = Release|Any CPU
		{CD296EE4-EFA2-479B-B78F-97F027F202B4}.Release|Any CPU.Build.0 = Release|Any CPU
	EndGlobalSection
	GlobalSection(SolutionProperties) = preSolution
		HideSolutionNode = FALSE
	EndGlobalSection
EndGlobal
